
Microsoft Visual Studio Solution File, Format Version 12.00
Project("{FAE04EC0-301F-11D3-BF4B-00C04F79EFBC}") = "UserApp", "UserApp\UserApp.csproj", "{F2E99635-3F61-43D8-8FB0-3F49D1958004}"
EndProject
Global
	GlobalSection(SolutionConfigurationPlatforms) = preSolution
		Debug|Any CPU = Debug|Any CPU
		Release|Any CPU = Release|Any CPU
	EndGlobalSection
	GlobalSection(ProjectConfigurationPlatforms) = postSolution
		{F2E99635-3F61-43D8-8FB0-3F49D1958004}.Debug|Any CPU.ActiveCfg = Debug|Any CPU
		{F2E99635-3F61-43D8-8FB0-3F49D1958004}.Debug|Any CPU.Build.0 = Debug|Any CPU
		{F2E99635-3F61-43D8-8FB0-3F49D1958004}.Release|Any CPU.ActiveCfg = Release|Any CPU
		{F2E99635-3F61-43D8-8FB0-3F49D1958004}.Release|Any CPU.Build.0 = Release|Any CPU
	EndGlobalSection
EndGlobal
